// !$*UTF8*$!
{
	archiveVersion = 1;
	classes = {
	};
	objectVersion = 77;
	objects = {

/* Begin PBXBuildFile section */
		109396C62EA7D8C200766362 /* Highlightr in Frameworks */ = {isa = PBXBuildFile; productRef = 1093967D2EA7D75A00766362 /* Highlightr */; };
/* End PBXBuildFile section */

/* Begin PBXContainerItemProxy section */
		10FB6CBA2EA3A51600C87E84 /* PBXContainerItemProxy */ = {
			isa = PBXContainerItemProxy;
			containerPortal = 10FB6CA42EA3A51400C87E84 /* Project object */;
			proxyType = 1;
			remoteGlobalIDString = 10FB6CAB2EA3A51400C87E84;
			remoteInfo = "Shareify Code";
		};
		10FB6CC42EA3A51600C87E84 /* PBXContainerItemProxy */ = {
			isa = PBXContainerItemProxy;
			containerPortal = 10FB6CA42EA3A51400C87E84 /* Project object */;
			proxyType = 1;
			remoteGlobalIDString = 10FB6CAB2EA3A51400C87E84;
			remoteInfo = "Shareify Code";
		};
/* End PBXContainerItemProxy section */

/* Begin PBXFileReference section */
		10FB6CAC2EA3A51400C87E84 /* Shareify Code.app */ = {isa = PBXFileReference; explicitFileType = wrapper.application; includeInIndex = 0; path = "Shareify Code.app"; sourceTree = BUILT_PRODUCTS_DIR; };
		10FB6CB92EA3A51600C87E84 /* Shareify CodeTests.xctest */ = {isa = PBXFileReference; explicitFileType = wrapper.cfbundle; includeInIndex = 0; path = "Shareify CodeTests.xctest"; sourceTree = BUILT_PRODUCTS_DIR; };
		10FB6CC32EA3A51600C87E84 /* Shareify CodeUITests.xctest */ = {isa = PBXFileReference; explicitFileType = wrapper.cfbundle; includeInIndex = 0; path = "Shareify CodeUITests.xctest"; sourceTree = BUILT_PRODUCTS_DIR; };
		10FB6D1002EA3B0000C87E84 /* Config/Secrets.xcconfig */ = {isa = PBXFileReference; lastKnownFileType = text.xcconfig; path = Config/Secrets.xcconfig; sourceTree = "<group>"; };
/* End PBXFileReference section */

/* Begin PBXFileSystemSynchronizedBuildFileExceptionSet section */
		101D9C8C2EC549FD009CAB9F /* Exceptions for "Shareify Code" folder in "Shareify Code" target */ = {
			isa = PBXFileSystemSynchronizedBuildFileExceptionSet;
			membershipExceptions = (
				Info.plist,
			);
			target = 10FB6CAB2EA3A51400C87E84 /* Shareify Code */;
		};
/* End PBXFileSystemSynchronizedBuildFileExceptionSet section */

/* Begin PBXFileSystemSynchronizedRootGroup section */
		10FB6CAE2EA3A51400C87E84 /* Shareify Code */ = {
			isa = PBXFileSystemSynchronizedRootGroup;
			exceptions = (
				101D9C8C2EC549FD009CAB9F /* Exceptions for "Shareify Code" folder in "Shareify Code" target */,
			);
			path = "Shareify Code";
			sourceTree = "<group>";
		};
		10FB6CBC2EA3A51600C87E84 /* Shareify CodeTests */ = {
			isa = PBXFileSystemSynchronizedRootGroup;
			path = "Shareify CodeTests";
			sourceTree = "<group>";
		};
		10FB6CC62EA3A51600C87E84 /* Shareify CodeUITests */ = {
			isa = PBXFileSystemSynchronizedRootGroup;
			path = "Shareify CodeUITests";
			sourceTree = "<group>";
		};
/* End PBXFileSystemSynchronizedRootGroup section */

/* Begin PBXFrameworksBuildPhase section */
		10FB6CA92EA3A51400C87E84 /* Frameworks */ = {
			isa = PBXFrameworksBuildPhase;
			buildActionMask = 2147483647;
			files = (
				109396C62EA7D8C200766362 /* Highlightr in Frameworks */,
			);
			runOnlyForDeploymentPostprocessing = 0;
		};
		10FB6CB62EA3A51600C87E84 /* Frameworks */ = {
			isa = PBXFrameworksBuildPhase;
			buildActionMask = 2147483647;
			files = (
			);
			runOnlyForDeploymentPostprocessing = 0;
		};
		10FB6CC02EA3A51600C87E84 /* Frameworks */ = {
			isa = PBXFrameworksBuildPhase;
			buildActionMask = 2147483647;
			files = (
			);
			runOnlyForDeploymentPostprocessing = 0;
		};
/* End PBXFrameworksBuildPhase section */

/* Begin PBXGroup section */
		10FB6CA32EA3A51400C87E84 = {
			isa = PBXGroup;
			children = (
				10FB6D1002EA3B0000C87E84 /* Config/Secrets.xcconfig */,
				10FB6CAE2EA3A51400C87E84 /* Shareify Code */,
				10FB6CBC2EA3A51600C87E84 /* Shareify CodeTests */,
				10FB6CC62EA3A51600C87E84 /* Shareify CodeUITests */,
				10FB6CAD2EA3A51400C87E84 /* Products */,
			);
			sourceTree = "<group>";
		};
		10FB6CAD2EA3A51400C87E84 /* Products */ = {
			isa = PBXGroup;
			children = (
				10FB6CAC2EA3A51400C87E84 /* Shareify Code.app */,
				10FB6CB92EA3A51600C87E84 /* Shareify CodeTests.xctest */,
				10FB6CC32EA3A51600C87E84 /* Shareify CodeUITests.xctest */,
			);
			name = Products;
			sourceTree = "<group>";
		};
/* End PBXGroup section */

/* Begin PBXNativeTarget section */
		10FB6CAB2EA3A51400C87E84 /* Shareify Code */ = {
			isa = PBXNativeTarget;
			buildConfigurationList = 10FB6CCD2EA3A51600C87E84 /* Build configuration list for PBXNativeTarget "Shareify Code" */;
			buildPhases = (
				10FB6CA82EA3A51400C87E84 /* Sources */,
				10FB6CA92EA3A51400C87E84 /* Frameworks */,
				10FB6CAA2EA3A51400C87E84 /* Resources */,
			);
			buildRules = (
			);
			dependencies = (
			);
			fileSystemSynchronizedGroups = (
				10FB6CAE2EA3A51400C87E84 /* Shareify Code */,
			);
			name = "Shareify Code";
			packageProductDependencies = (
				1093967D2EA7D75A00766362 /* Highlightr */,
			);
			productName = "Shareify Code";
			productReference = 10FB6CAC2EA3A51400C87E84 /* Shareify Code.app */;
			productType = "com.apple.product-type.application";
		};
		10FB6CB82EA3A51600C87E84 /* Shareify CodeTests */ = {
			isa = PBXNativeTarget;
			buildConfigurationList = 10FB6CD02EA3A51600C87E84 /* Build configuration list for PBXNativeTarget "Shareify CodeTests" */;
			buildPhases = (
				10FB6CB52EA3A51600C87E84 /* Sources */,
				10FB6CB62EA3A51600C87E84 /* Frameworks */,
				10FB6CB72EA3A51600C87E84 /* Resources */,
			);
			buildRules = (
			);
			dependencies = (
				10FB6CBB2EA3A51600C87E84 /* PBXTargetDependency */,
			);
			fileSystemSynchronizedGroups = (
				10FB6CBC2EA3A51600C87E84 /* Shareify CodeTests */,
			);
			name = "Shareify CodeTests";
			packageProductDependencies = (
			);
			productName = "Shareify CodeTests";
			productReference = 10FB6CB92EA3A51600C87E84 /* Shareify CodeTests.xctest */;
			productType = "com.apple.product-type.bundle.unit-test";
		};
		10FB6CC22EA3A51600C87E84 /* Shareify CodeUITests */ = {
			isa = PBXNativeTarget;
			buildConfigurationList = 10FB6CD32EA3A51600C87E84 /* Build configuration list for PBXNativeTarget "Shareify CodeUITests" */;
			buildPhases = (
				10FB6CBF2EA3A51600C87E84 /* Sources */,
				10FB6CC02EA3A51600C87E84 /* Frameworks */,
				10FB6CC12EA3A51600C87E84 /* Resources */,
			);
			buildRules = (
			);
			dependencies = (
				10FB6CC52EA3A51600C87E84 /* PBXTargetDependency */,
			);
			fileSystemSynchronizedGroups = (
				10FB6CC62EA3A51600C87E84 /* Shareify CodeUITests */,
			);
			name = "Shareify CodeUITests";
			packageProductDependencies = (
			);
			productName = "Shareify CodeUITests";
			productReference = 10FB6CC32EA3A51600C87E84 /* Shareify CodeUITests.xctest */;
			productType = "com.apple.product-type.bundle.ui-testing";
		};
/* End PBXNativeTarget section */

/* Begin PBXProject section */
		10FB6CA42EA3A51400C87E84 /* Project object */ = {
			isa = PBXProject;
			attributes = {
				BuildIndependentTargetsInParallel = 1;
				LastSwiftUpdateCheck = 2600;
				LastUpgradeCheck = 2600;
				TargetAttributes = {
					10FB6CAB2EA3A51400C87E84 = {
						CreatedOnToolsVersion = 26.0.1;
					};
					10FB6CB82EA3A51600C87E84 = {
						CreatedOnToolsVersion = 26.0.1;
						TestTargetID = 10FB6CAB2EA3A51400C87E84;
					};
					10FB6CC22EA3A51600C87E84 = {
						CreatedOnToolsVersion = 26.0.1;
						TestTargetID = 10FB6CAB2EA3A51400C87E84;
					};
				};
			};
			buildConfigurationList = 10FB6CA72EA3A51400C87E84 /* Build configuration list for PBXProject "Shareify Code" */;
			developmentRegion = en;
			hasScannedForEncodings = 0;
			knownRegions = (
				en,
				Base,
			);
			mainGroup = 10FB6CA32EA3A51400C87E84;
			minimizedProjectReferenceProxies = 1;
			packageReferences = (
				1093967C2EA7D75A00766362 /* XCRemoteSwiftPackageReference "Highlightr" */,
			);
			preferredProjectObjectVersion = 77;
			productRefGroup = 10FB6CAD2EA3A51400C87E84 /* Products */;
			projectDirPath = "";
			projectRoot = "";
			targets = (
				10FB6CAB2EA3A51400C87E84 /* Shareify Code */,
				10FB6CB82EA3A51600C87E84 /* Shareify CodeTests */,
				10FB6CC22EA3A51600C87E84 /* Shareify CodeUITests */,
			);
		};
/* End PBXProject section */

/* Begin PBXResourcesBuildPhase section */
		10FB6CAA2EA3A51400C87E84 /* Resources */ = {
			isa = PBXResourcesBuildPhase;
			buildActionMask = 2147483647;
			files = (
			);
			runOnlyForDeploymentPostprocessing = 0;
		};
		10FB6CB72EA3A51600C87E84 /* Resources */ = {
			isa = PBXResourcesBuildPhase;
			buildActionMask = 2147483647;
			files = (
			);
			runOnlyForDeploymentPostprocessing = 0;
		};
		10FB6CC12EA3A51600C87E84 /* Resources */ = {
			isa = PBXResourcesBuildPhase;
			buildActionMask = 2147483647;
			files = (
			);
			runOnlyForDeploymentPostprocessing = 0;
		};
/* End PBXResourcesBuildPhase section */

/* Begin PBXSourcesBuildPhase section */
		10FB6CA82EA3A51400C87E84 /* Sources */ = {
			isa = PBXSourcesBuildPhase;
			buildActionMask = 2147483647;
			files = (
			);
			runOnlyForDeploymentPostprocessing = 0;
		};
		10FB6CB52EA3A51600C87E84 /* Sources */ = {
			isa = PBXSourcesBuildPhase;
			buildActionMask = 2147483647;
			files = (
			);
			runOnlyForDeploymentPostprocessing = 0;
		};
		10FB6CBF2EA3A51600C87E84 /* Sources */ = {
			isa = PBXSourcesBuildPhase;
			buildActionMask = 2147483647;
			files = (
			);
			runOnlyForDeploymentPostprocessing = 0;
		};
/* End PBXSourcesBuildPhase section */

/* Begin PBXTargetDependency section */
		10FB6CBB2EA3A51600C87E84 /* PBXTargetDependency */ = {
			isa = PBXTargetDependency;
			target = 10FB6CAB2EA3A51400C87E84 /* Shareify Code */;
			targetProxy = 10FB6CBA2EA3A51600C87E84 /* PBXContainerItemProxy */;
		};
		10FB6CC52EA3A51600C87E84 /* PBXTargetDependency */ = {
			isa = PBXTargetDependency;
			target = 10FB6CAB2EA3A51400C87E84 /* Shareify Code */;
			targetProxy = 10FB6CC42EA3A51600C87E84 /* PBXContainerItemProxy */;
		};
/* End PBXTargetDependency section */

/* Begin XCBuildConfiguration section */
		10FB6CCB2EA3A51600C87E84 /* Debug */ = {
			isa = XCBuildConfiguration;
			buildSettings = {
				ALWAYS_SEARCH_USER_PATHS = NO;
				ASSETCATALOG_COMPILER_GENERATE_SWIFT_ASSET_SYMBOL_EXTENSIONS = YES;
				CLANG_ANALYZER_NONNULL = YES;
				CLANG_ANALYZER_NUMBER_OBJECT_CONVERSION = YES_AGGRESSIVE;
				CLANG_CXX_LANGUAGE_STANDARD = "gnu++20";
				CLANG_ENABLE_MODULES = YES;
				CLANG_ENABLE_OBJC_ARC = YES;
				CLANG_ENABLE_OBJC_WEAK = YES;
				CLANG_WARN_BLOCK_CAPTURE_AUTORELEASING = YES;
				CLANG_WARN_BOOL_CONVERSION = YES;
				CLANG_WARN_COMMA = YES;
				CLANG_WARN_CONSTANT_CONVERSION = YES;
				CLANG_WARN_DEPRECATED_OBJC_IMPLEMENTATIONS = YES;
				CLANG_WARN_DIRECT_OBJC_ISA_USAGE = YES_ERROR;
				CLANG_WARN_DOCUMENTATION_COMMENTS = YES;
				CLANG_WARN_EMPTY_BODY = YES;
				CLANG_WARN_ENUM_CONVERSION = YES;
				CLANG_WARN_INFINITE_RECURSION = YES;
				CLANG_WARN_INT_CONVERSION = YES;
				CLANG_WARN_NON_LITERAL_NULL_CONVERSION = YES;
				CLANG_WARN_OBJC_IMPLICIT_RETAIN_SELF = YES;
				CLANG_WARN_OBJC_LITERAL_CONVERSION = YES;
				CLANG_WARN_OBJC_ROOT_CLASS = YES_ERROR;
				CLANG_WARN_QUOTED_INCLUDE_IN_FRAMEWORK_HEADER = YES;
				CLANG_WARN_RANGE_LOOP_ANALYSIS = YES;
				CLANG_WARN_STRICT_PROTOTYPES = YES;
				CLANG_WARN_SUSPICIOUS_MOVE = YES;
				CLANG_WARN_UNGUARDED_AVAILABILITY = YES_AGGRESSIVE;
				CLANG_WARN_UNREACHABLE_CODE = YES;
				CLANG_WARN__DUPLICATE_METHOD_MATCH = YES;
				COPY_PHASE_STRIP = NO;
				DEBUG_INFORMATION_FORMAT = dwarf;
				DEVELOPMENT_TEAM = P6PV2R9443;
				ENABLE_STRICT_OBJC_MSGSEND = YES;
				ENABLE_TESTABILITY = YES;
				ENABLE_USER_SCRIPT_SANDBOXING = YES;
				GCC_C_LANGUAGE_STANDARD = gnu17;
				GCC_DYNAMIC_NO_PIC = NO;
				GCC_NO_COMMON_BLOCKS = YES;
				GCC_OPTIMIZATION_LEVEL = 0;
				GCC_PREPROCESSOR_DEFINITIONS = (
					"DEBUG=1",
					"$(inherited)",
				);
				GCC_WARN_64_TO_32_BIT_CONVERSION = YES;
				GCC_WARN_ABOUT_RETURN_TYPE = YES_ERROR;
				GCC_WARN_UNDECLARED_SELECTOR = YES;
				GCC_WARN_UNINITIALIZED_AUTOS = YES_AGGRESSIVE;
				GCC_WARN_UNUSED_FUNCTION = YES;
				GCC_WARN_UNUSED_VARIABLE = YES;
				IPHONEOS_DEPLOYMENT_TARGET = 26.0;
				LOCALIZATION_PREFERS_STRING_CATALOGS = YES;
				MTL_ENABLE_DEBUG_INFO = INCLUDE_SOURCE;
				MTL_FAST_MATH = YES;
				ONLY_ACTIVE_ARCH = YES;
				SDKROOT = iphoneos;
				SWIFT_ACTIVE_COMPILATION_CONDITIONS = "DEBUG $(inherited)";
				SWIFT_OPTIMIZATION_LEVEL = "-Onone";
			};
			name = Debug;
		};
		10FB6CCC2EA3A51600C87E84 /* Release */ = {
			isa = XCBuildConfiguration;
			buildSettings = {
				ALWAYS_SEARCH_USER_PATHS = NO;
				ASSETCATALOG_COMPILER_GENERATE_SWIFT_ASSET_SYMBOL_EXTENSIONS = YES;
				CLANG_ANALYZER_NONNULL = YES;
				CLANG_ANALYZER_NUMBER_OBJECT_CONVERSION = YES_AGGRESSIVE;
				CLANG_CXX_LANGUAGE_STANDARD = "gnu++20";
				CLANG_ENABLE_MODULES = YES;
				CLANG_ENABLE_OBJC_ARC = YES;
				CLANG_ENABLE_OBJC_WEAK = YES;
				CLANG_WARN_BLOCK_CAPTURE_AUTORELEASING = YES;
				CLANG_WARN_BOOL_CONVERSION = YES;
				CLANG_WARN_COMMA = YES;
				CLANG_WARN_CONSTANT_CONVERSION = YES;
				CLANG_WARN_DEPRECATED_OBJC_IMPLEMENTATIONS = YES;
				CLANG_WARN_DIRECT_OBJC_ISA_USAGE = YES_ERROR;
				CLANG_WARN_DOCUMENTATION_COMMENTS = YES;
				CLANG_WARN_EMPTY_BODY = YES;
				CLANG_WARN_ENUM_CONVERSION = YES;
				CLANG_WARN_INFINITE_RECURSION = YES;
				CLANG_WARN_INT_CONVERSION = YES;
				CLANG_WARN_NON_LITERAL_NULL_CONVERSION = YES;
				CLANG_WARN_OBJC_IMPLICIT_RETAIN_SELF = YES;
				CLANG_WARN_OBJC_LITERAL_CONVERSION = YES;
				CLANG_WARN_OBJC_ROOT_CLASS = YES_ERROR;
				CLANG_WARN_QUOTED_INCLUDE_IN_FRAMEWORK_HEADER = YES;
				CLANG_WARN_RANGE_LOOP_ANALYSIS = YES;
				CLANG_WARN_STRICT_PROTOTYPES = YES;
				CLANG_WARN_SUSPICIOUS_MOVE = YES;
				CLANG_WARN_UNGUARDED_AVAILABILITY = YES_AGGRESSIVE;
				CLANG_WARN_UNREACHABLE_CODE = YES;
				CLANG_WARN__DUPLICATE_METHOD_MATCH = YES;
				COPY_PHASE_STRIP = NO;
				DEBUG_INFORMATION_FORMAT = "dwarf-with-dsym";
				DEVELOPMENT_TEAM = P6PV2R9443;
				ENABLE_NS_ASSERTIONS = NO;
				ENABLE_STRICT_OBJC_MSGSEND = YES;
				ENABLE_USER_SCRIPT_SANDBOXING = YES;
				GCC_C_LANGUAGE_STANDARD = gnu17;
				GCC_NO_COMMON_BLOCKS = YES;
				GCC_WARN_64_TO_32_BIT_CONVERSION = YES;
				GCC_WARN_ABOUT_RETURN_TYPE = YES_ERROR;
				GCC_WARN_UNDECLARED_SELECTOR = YES;
				GCC_WARN_UNINITIALIZED_AUTOS = YES_AGGRESSIVE;
				GCC_WARN_UNUSED_FUNCTION = YES;
				GCC_WARN_UNUSED_VARIABLE = YES;
				IPHONEOS_DEPLOYMENT_TARGET = 26.0;
				LOCALIZATION_PREFERS_STRING_CATALOGS = YES;
				MTL_ENABLE_DEBUG_INFO = NO;
				MTL_FAST_MATH = YES;
				SDKROOT = iphoneos;
				SWIFT_COMPILATION_MODE = wholemodule;
				VALIDATE_PRODUCT = YES;
			};
			name = Release;
		};
		10FB6CCE2EA3A51600C87E84 /* Debug */ = {
			isa = XCBuildConfiguration;
			baseConfigurationReference = 10FB6D1002EA3B0000C87E84 /* Config/Secrets.xcconfig */;
			buildSettings = {
				ASSETCATALOG_COMPILER_APPICON_NAME = AppIcon;
				ASSETCATALOG_COMPILER_GLOBAL_ACCENT_COLOR_NAME = AccentColor;
				CODE_SIGN_STYLE = Automatic;
				CURRENT_PROJECT_VERSION = 1;
				DEVELOPMENT_TEAM = P6PV2R9443;
				ENABLE_PREVIEWS = YES;
				GENERATE_INFOPLIST_FILE = NO;
				INFOPLIST_FILE = "Shareify Code/Info.plist";
				INFOPLIST_KEY_UILaunchScreen_Generation = YES;
				LD_RUNPATH_SEARCH_PATHS = (
					"$(inherited)",
					"@executable_path/Frameworks",
				);
				MARKETING_VERSION = 1.0;
				PRODUCT_BUNDLE_IDENTIFIER = "dev.masterbros.Shareify-Code";
				PRODUCT_NAME = "$(TARGET_NAME)";
				STRING_CATALOG_GENERATE_SYMBOLS = YES;
				SUPPORTED_PLATFORMS = "iphoneos iphonesimulator";
				SUPPORTS_MACCATALYST = NO;
				SWIFT_APPROACHABLE_CONCURRENCY = YES;
				SWIFT_DEFAULT_ACTOR_ISOLATION = MainActor;
				SWIFT_EMIT_LOC_STRINGS = YES;
				SWIFT_UPCOMING_FEATURE_MEMBER_IMPORT_VISIBILITY = YES;
				SWIFT_VERSION = 5.0;
				TARGETED_DEVICE_FAMILY = 2;
			};
			name = Debug;
		};
		10FB6CCF2EA3A51600C87E84 /* Release */ = {
			isa = XCBuildConfiguration;
			baseConfigurationReference = 10FB6D1002EA3B0000C87E84 /* Config/Secrets.xcconfig */;
			buildSettings = {
				ASSETCATALOG_COMPILER_APPICON_NAME = AppIcon;
				ASSETCATALOG_COMPILER_GLOBAL_ACCENT_COLOR_NAME = AccentColor;
				CODE_SIGN_STYLE = Automatic;
				CURRENT_PROJECT_VERSION = 1;
				DEVELOPMENT_TEAM = P6PV2R9443;
				ENABLE_PREVIEWS = YES;
				GENERATE_INFOPLIST_FILE = NO;
				INFOPLIST_FILE = "Shareify Code/Info.plist";
				INFOPLIST_KEY_UILaunchScreen_Generation = YES;
				LD_RUNPATH_SEARCH_PATHS = (
					"$(inherited)",
					"@executable_path/Frameworks",
				);
				MARKETING_VERSION = 1.0;
				PRODUCT_BUNDLE_IDENTIFIER = "dev.masterbros.Shareify-Code";
				PRODUCT_NAME = "$(TARGET_NAME)";
				STRING_CATALOG_GENERATE_SYMBOLS = YES;
				SUPPORTED_PLATFORMS = "iphoneos iphonesimulator";
				SUPPORTS_MACCATALYST = NO;
				SWIFT_APPROACHABLE_CONCURRENCY = YES;
				SWIFT_DEFAULT_ACTOR_ISOLATION = MainActor;
				SWIFT_EMIT_LOC_STRINGS = YES;
				SWIFT_UPCOMING_FEATURE_MEMBER_IMPORT_VISIBILITY = YES;
				SWIFT_VERSION = 5.0;
				TARGETED_DEVICE_FAMILY = 2;
			};
			name = Release;
		};
		10FB6CD12EA3A51600C87E84 /* Debug */ = {
			isa = XCBuildConfiguration;
			buildSettings = {
				BUNDLE_LOADER = "$(TEST_HOST)";
				CODE_SIGN_STYLE = Automatic;
				CURRENT_PROJECT_VERSION = 1;
				DEVELOPMENT_TEAM = P6PV2R9443;
				GENERATE_INFOPLIST_FILE = YES;
				IPHONEOS_DEPLOYMENT_TARGET = 26.0;
				MARKETING_VERSION = 1.0;
				PRODUCT_BUNDLE_IDENTIFIER = "dev.masterbros.Shareify-CodeTests";
				PRODUCT_NAME = "$(TARGET_NAME)";
				STRING_CATALOG_GENERATE_SYMBOLS = NO;
				SWIFT_APPROACHABLE_CONCURRENCY = YES;
				SWIFT_EMIT_LOC_STRINGS = NO;
				SWIFT_UPCOMING_FEATURE_MEMBER_IMPORT_VISIBILITY = YES;
				SWIFT_VERSION = 5.0;
				TARGETED_DEVICE_FAMILY = "1,2";
				TEST_HOST = "$(BUILT_PRODUCTS_DIR)/Shareify Code.app/$(BUNDLE_EXECUTABLE_FOLDER_PATH)/Shareify Code";
			};
			name = Debug;
		};
		10FB6CD22EA3A51600C87E84 /* Release */ = {
			isa = XCBuildConfiguration;
			buildSettings = {
				BUNDLE_LOADER = "$(TEST_HOST)";
				CODE_SIGN_STYLE = Automatic;
				CURRENT_PROJECT_VERSION = 1;
				DEVELOPMENT_TEAM = P6PV2R9443;
				GENERATE_INFOPLIST_FILE = YES;
				IPHONEOS_DEPLOYMENT_TARGET = 26.0;
				MARKETING_VERSION = 1.0;
				PRODUCT_BUNDLE_IDENTIFIER = "dev.masterbros.Shareify-CodeTests";
				PRODUCT_NAME = "$(TARGET_NAME)";
				STRING_CATALOG_GENERATE_SYMBOLS = NO;
				SWIFT_APPROACHABLE_CONCURRENCY = YES;
				SWIFT_EMIT_LOC_STRINGS = NO;
				SWIFT_UPCOMING_FEATURE_MEMBER_IMPORT_VISIBILITY = YES;
				SWIFT_VERSION = 5.0;
				TARGETED_DEVICE_FAMILY = "1,2";
				TEST_HOST = "$(BUILT_PRODUCTS_DIR)/Shareify Code.app/$(BUNDLE_EXECUTABLE_FOLDER_PATH)/Shareify Code";
			};
			name = Release;
		};
		10FB6CD42EA3A51600C87E84 /* Debug */ = {
			isa = XCBuildConfiguration;
			buildSettings = {
				CODE_SIGN_STYLE = Automatic;
				CURRENT_PROJECT_VERSION = 1;
				DEVELOPMENT_TEAM = P6PV2R9443;
				GENERATE_INFOPLIST_FILE = YES;
				MARKETING_VERSION = 1.0;
				PRODUCT_BUNDLE_IDENTIFIER = "dev.masterbros.Shareify-CodeUITests";
				PRODUCT_NAME = "$(TARGET_NAME)";
				STRING_CATALOG_GENERATE_SYMBOLS = NO;
				SWIFT_APPROACHABLE_CONCURRENCY = YES;
				SWIFT_EMIT_LOC_STRINGS = NO;
				SWIFT_UPCOMING_FEATURE_MEMBER_IMPORT_VISIBILITY = YES;
				SWIFT_VERSION = 5.0;
				TARGETED_DEVICE_FAMILY = "1,2";
				TEST_TARGET_NAME = "Shareify Code";
			};
			name = Debug;
		};
		10FB6CD52EA3A51600C87E84 /* Release */ = {
			isa = XCBuildConfiguration;
			buildSettings = {
				CODE_SIGN_STYLE = Automatic;
				CURRENT_PROJECT_VERSION = 1;
				DEVELOPMENT_TEAM = P6PV2R9443;
				GENERATE_INFOPLIST_FILE = YES;
				MARKETING_VERSION = 1.0;
				PRODUCT_BUNDLE_IDENTIFIER = "dev.masterbros.Shareify-CodeUITests";
				PRODUCT_NAME = "$(TARGET_NAME)";
				STRING_CATALOG_GENERATE_SYMBOLS = NO;
				SWIFT_APPROACHABLE_CONCURRENCY = YES;
				SWIFT_EMIT_LOC_STRINGS = NO;
				SWIFT_UPCOMING_FEATURE_MEMBER_IMPORT_VISIBILITY = YES;
				SWIFT_VERSION = 5.0;
				TARGETED_DEVICE_FAMILY = "1,2";
				TEST_TARGET_NAME = "Shareify Code";
			};
			name = Release;
		};
/* End XCBuildConfiguration section */

/* Begin XCConfigurationList section */
		10FB6CA72EA3A51400C87E84 /* Build configuration list for PBXProject "Shareify Code" */ = {
			isa = XCConfigurationList;
			buildConfigurations = (
				10FB6CCB2EA3A51600C87E84 /* Debug */,
				10FB6CCC2EA3A51600C87E84 /* Release */,
			);
			defaultConfigurationIsVisible = 0;
			defaultConfigurationName = Release;
		};
		10FB6CCD2EA3A51600C87E84 /* Build configuration list for PBXNativeTarget "Shareify Code" */ = {
			isa = XCConfigurationList;
			buildConfigurations = (
				10FB6CCE2EA3A51600C87E84 /* Debug */,
				10FB6CCF2EA3A51600C87E84 /* Release */,
			);
			defaultConfigurationIsVisible = 0;
			defaultConfigurationName = Release;
		};
		10FB6CD02EA3A51600C87E84 /* Build configuration list for PBXNativeTarget "Shareify CodeTests" */ = {
			isa = XCConfigurationList;
			buildConfigurations = (
				10FB6CD12EA3A51600C87E84 /* Debug */,
				10FB6CD22EA3A51600C87E84 /* Release */,
			);
			defaultConfigurationIsVisible = 0;
			defaultConfigurationName = Release;
		};
		10FB6CD32EA3A51600C87E84 /* Build configuration list for PBXNativeTarget "Shareify CodeUITests" */ = {
			isa = XCConfigurationList;
			buildConfigurations = (
				10FB6CD42EA3A51600C87E84 /* Debug */,
				10FB6CD52EA3A51600C87E84 /* Release */,
			);
			defaultConfigurationIsVisible = 0;
			defaultConfigurationName = Release;
		};
/* End XCConfigurationList section */

/* Begin XCRemoteSwiftPackageReference section */
		1093967C2EA7D75A00766362 /* XCRemoteSwiftPackageReference "Highlightr" */ = {
			isa = XCRemoteSwiftPackageReference;
			repositoryURL = "https://github.com/raspu/Highlightr";
			requirement = {
				kind = upToNextMajorVersion;
				minimumVersion = 2.3.0;
			};
		};
/* End XCRemoteSwiftPackageReference section */

/* Begin XCSwiftPackageProductDependency section */
		1093967D2EA7D75A00766362 /* Highlightr */ = {
			isa = XCSwiftPackageProductDependency;
			package = 1093967C2EA7D75A00766362 /* XCRemoteSwiftPackageReference "Highlightr" */;
			productName = Highlightr;
		};
/* End XCSwiftPackageProductDependency section */
	};
	rootObject = 10FB6CA42EA3A51400C87E84 /* Project object */;
}
